
Microsoft Visual Studio Solution File, Format Version 12.00
# Visual Studio Version 17
VisualStudioVersion = 17.0.32112.339
MinimumVisualStudioVersion = 10.0.40219.1
Project("{FAE04EC0-301F-11D3-BF4B-00C04F79EFBC}") = "StackAndQue", "StackAndQue\StackAndQue.csproj", "{5A98982D-2741-450E-902A-C66936795884}"
EndProject
Global
	GlobalSection(SolutionConfigurationPlatforms) = preSolution
		Debug|Any CPU = Debug|Any CPU
		Release|Any CPU = Release|Any CPU
	EndGlobalSection
	GlobalSection(ProjectConfigurationPlatforms) = postSolution
		{5A98982D-2741-450E-902A-C66936795884}.Debug|Any CPU.ActiveCfg = Debug|Any CPU
		{5A98982D-2741-450E-902A-C66936795884}.Debug|Any CPU.Build.0 = Debug|Any CPU
		{5A98982D-2741-450E-902A-C66936795884}.Release|Any CPU.ActiveCfg = Release|Any CPU
		{5A98982D-2741-450E-902A-C66936795884}.Release|Any CPU.Build.0 = Release|Any CPU
	EndGlobalSection
	GlobalSection(SolutionProperties) = preSolution
		HideSolutionNode = FALSE
	EndGlobalSection
	GlobalSection(ExtensibilityGlobals) = postSolution
		SolutionGuid = {976519DA-5947-41E6-B62E-84F7242F9ACA}
	EndGlobalSection
EndGlobal
